
Microsoft Visual Studio Solution File, Format Version 12.00
# Visual Studio Version 17
VisualStudioVersion = 17.4.33122.133
MinimumVisualStudioVersion = 10.0.40219.1
Project("{FAE04EC0-301F-11D3-BF4B-00C04F79EFBC}") = "TestProject", "TestProject\TestProject.csproj", "{9092033C-3291-46D2-80A9-7DB87FAA82EB}"
EndProject
Global
	GlobalSection(SolutionConfigurationPlatforms) = preSolution
		Debug|Any CPU = Debug|Any CPU
		Release|Any CPU = Release|Any CPU
	EndGlobalSection
	GlobalSection(ProjectConfigurationPlatforms) = postSolution
		{9092033C-3291-46D2-80A9-7DB87FAA82EB}.Debug|Any CPU.ActiveCfg = Debug|Any CPU
		{9092033C-3291-46D2-80A9-7DB87FAA82EB}.Debug|Any CPU.Build.0 = Debug|Any CPU
		{9092033C-3291-46D2-80A9-7DB87FAA82EB}.Release|Any CPU.ActiveCfg = Release|Any CPU
		{9092033C-3291-46D2-80A9-7DB87FAA82EB}.Release|Any CPU.Build.0 = Release|Any CPU
	EndGlobalSection
	GlobalSection(SolutionProperties) = preSolution
		HideSolutionNode = FALSE
	EndGlobalSection
	GlobalSection(ExtensibilityGlobals) = postSolution
		SolutionGuid = {1226F906-4845-4244-AD8B-8A41EA1B4729}
	EndGlobalSection
EndGlobal
